
Microsoft Visual Studio Solution File, Format Version 12.00
# Visual Studio Version 17
VisualStudioVersion = 17.14.36408.4
MinimumVisualStudioVersion = 10.0.40219.1
Project("{FAE04EC0-301F-11D3-BF4B-00C04F79EFBC}") = "First_Lesson", "First_Lesson\First_Lesson.csproj", "{A57A44E6-4ACA-4BDD-B6D8-EB7C68764419}"
EndProject
Project("{8BC9CEB8-8B4A-11D0-8D11-00A0C91BC942}") = "SimpleMath", "SimpleMath\SimpleMath.vcxproj", "{B69F7EF1-BA2A-4E64-A878-6B40DF62DF58}"
EndProject
Project("{2150E333-8FDC-42A3-9474-1A3956D46DE8}") = "FirstLesson", "FirstLesson", "{36D591C7-65C7-A0D1-1CBC-10CDE441BDC8}"
EndProject
Project("{2150E333-8FDC-42A3-9474-1A3956D46DE8}") = "SecondLesson", "SecondLesson", "{0D6BB2F0-E978-4AE5-9DA4-FB3974C4C684}"
EndProject
Project("{FAE04EC0-301F-11D3-BF4B-00C04F79EFBC}") = "FirstApp", "FirstApp\FirstApp.csproj", "{9B15030D-AD0F-4353-B3EF-FBEA64BB3BD7}"
EndProject
Project("{FAE04EC0-301F-11D3-BF4B-00C04F79EFBC}") = "SecondApp", "SecondApp\SecondApp.csproj", "{D5F27CB2-FE57-43BD-80D4-D11B80AF3DFB}"
EndProject
Project("{2150E333-8FDC-42A3-9474-1A3956D46DE8}") = "ThirdLesson", "ThirdLesson", "{E39AE8E9-7080-42E9-BA9A-F73D8DDFE9A7}"
EndProject
Project("{FAE04EC0-301F-11D3-BF4B-00C04F79EFBC}") = "FirstExample", "FirstExample\FirstExample.csproj", "{76237380-A79D-4CBA-B2CD-8C4DDE6AD56D}"
EndProject
Project("{FAE04EC0-301F-11D3-BF4B-00C04F79EFBC}") = "SecondExample", "SecondExample\SecondExample.csproj", "{448806D8-BD2D-47EE-8CBD-4855454D49B6}"
EndProject
Project("{FAE04EC0-301F-11D3-BF4B-00C04F79EFBC}") = "FSLesson", "FSLesson\FSLesson.csproj", "{CB421926-0C35-4C78-93DE-27D3FD672565}"
EndProject
Project("{2150E333-8FDC-42A3-9474-1A3956D46DE8}") = "ParalCalc", "ParalCalc", "{43BCA7DF-D68F-4E0C-881C-B9CCDA81FA4B}"
EndProject
Project("{FAE04EC0-301F-11D3-BF4B-00C04F79EFBC}") = "ParallelCalcul", "ParallelCalcul\ParallelCalcul.csproj", "{2D5F651D-8219-4C6F-9CFE-7C99DFE49705}"
EndProject
Global
	GlobalSection(SolutionConfigurationPlatforms) = preSolution
		Debug|Any CPU = Debug|Any CPU
		Debug|x64 = Debug|x64
		Debug|x86 = Debug|x86
		Release|Any CPU = Release|Any CPU
		Release|x64 = Release|x64
		Release|x86 = Release|x86
	EndGlobalSection
	GlobalSection(ProjectConfigurationPlatforms) = postSolution
		{A57A44E6-4ACA-4BDD-B6D8-EB7C68764419}.Debug|Any CPU.ActiveCfg = Debug|Any CPU
		{A57A44E6-4ACA-4BDD-B6D8-EB7C68764419}.Debug|Any CPU.Build.0 = Debug|Any CPU
		{A57A44E6-4ACA-4BDD-B6D8-EB7C68764419}.Debug|x64.ActiveCfg = Debug|Any CPU
		{A57A44E6-4ACA-4BDD-B6D8-EB7C68764419}.Debug|x64.Build.0 = Debug|Any CPU
		{A57A44E6-4ACA-4BDD-B6D8-EB7C68764419}.Debug|x86.ActiveCfg = Debug|Any CPU
		{A57A44E6-4ACA-4BDD-B6D8-EB7C68764419}.Debug|x86.Build.0 = Debug|Any CPU
		{A57A44E6-4ACA-4BDD-B6D8-EB7C68764419}.Release|Any CPU.ActiveCfg = Release|Any CPU
		{A57A44E6-4ACA-4BDD-B6D8-EB7C68764419}.Release|Any CPU.Build.0 = Release|Any CPU
		{A57A44E6-4ACA-4BDD-B6D8-EB7C68764419}.Release|x64.ActiveCfg = Release|Any CPU
		{A57A44E6-4ACA-4BDD-B6D8-EB7C68764419}.Release|x64.Build.0 = Release|Any CPU
		{A57A44E6-4ACA-4BDD-B6D8-EB7C68764419}.Release|x86.ActiveCfg = Release|Any CPU
		{A57A44E6-4ACA-4BDD-B6D8-EB7C68764419}.Release|x86.Build.0 = Release|Any CPU
		{B69F7EF1-BA2A-4E64-A878-6B40DF62DF58}.Debug|Any CPU.ActiveCfg = Debug|x64
		{B69F7EF1-BA2A-4E64-A878-6B40DF62DF58}.Debug|Any CPU.Build.0 = Debug|x64
		{B69F7EF1-BA2A-4E64-A878-6B40DF62DF58}.Debug|x64.ActiveCfg = Debug|x64
		{B69F7EF1-BA2A-4E64-A878-6B40DF62DF58}.Debug|x64.Build.0 = Debug|x64
		{B69F7EF1-BA2A-4E64-A878-6B40DF62DF58}.Debug|x86.ActiveCfg = Debug|Win32
		{B69F7EF1-BA2A-4E64-A878-6B40DF62DF58}.Debug|x86.Build.0 = Debug|Win32
		{B69F7EF1-BA2A-4E64-A878-6B40DF62DF58}.Release|Any CPU.ActiveCfg = Release|x64
		{B69F7EF1-BA2A-4E64-A878-6B40DF62DF58}.Release|Any CPU.Build.0 = Release|x64
		{B69F7EF1-BA2A-4E64-A878-6B40DF62DF58}.Release|x64.ActiveCfg = Release|x64
		{B69F7EF1-BA2A-4E64-A878-6B40DF62DF58}.Release|x64.Build.0 = Release|x64
		{B69F7EF1-BA2A-4E64-A878-6B40DF62DF58}.Release|x86.ActiveCfg = Release|Win32
		{B69F7EF1-BA2A-4E64-A878-6B40DF62DF58}.Release|x86.Build.0 = Release|Win32
		{9B15030D-AD0F-4353-B3EF-FBEA64BB3BD7}.Debug|Any CPU.ActiveCfg = Debug|Any CPU
		{9B15030D-AD0F-4353-B3EF-FBEA64BB3BD7}.Debug|Any CPU.Build.0 = Debug|Any CPU
		{9B15030D-AD0F-4353-B3EF-FBEA64BB3BD7}.Debug|x64.ActiveCfg = Debug|Any CPU
		{9B15030D-AD0F-4353-B3EF-FBEA64BB3BD7}.Debug|x64.Build.0 = Debug|Any CPU
		{9B15030D-AD0F-4353-B3EF-FBEA64BB3BD7}.Debug|x86.ActiveCfg = Debug|Any CPU
		{9B15030D-AD0F-4353-B3EF-FBEA64BB3BD7}.Debug|x86.Build.0 = Debug|Any CPU
		{9B15030D-AD0F-4353-B3EF-FBEA64BB3BD7}.Release|Any CPU.ActiveCfg = Release|Any CPU
		{9B15030D-AD0F-4353-B3EF-FBEA64BB3BD7}.Release|Any CPU.Build.0 = Release|Any CPU
		{9B15030D-AD0F-4353-B3EF-FBEA64BB3BD7}.Release|x64.ActiveCfg = Release|Any CPU
		{9B15030D-AD0F-4353-B3EF-FBEA64BB3BD7}.Release|x64.Build.0 = Release|Any CPU
		{9B15030D-AD0F-4353-B3EF-FBEA64BB3BD7}.Release|x86.ActiveCfg = Release|Any CPU
		{9B15030D-AD0F-4353-B3EF-FBEA64BB3BD7}.Release|x86.Build.0 = Release|Any CPU
		{D5F27CB2-FE57-43BD-80D4-D11B80AF3DFB}.Debug|Any CPU.ActiveCfg = Debug|Any CPU
		{D5F27CB2-FE57-43BD-80D4-D11B80AF3DFB}.Debug|Any CPU.Build.0 = Debug|Any CPU
		{D5F27CB2-FE57-43BD-80D4-D11B80AF3DFB}.Debug|x64.ActiveCfg = Debug|Any CPU
		{D5F27CB2-FE57-43BD-80D4-D11B80AF3DFB}.Debug|x64.Build.0 = Debug|Any CPU
		{D5F27CB2-FE57-43BD-80D4-D11B80AF3DFB}.Debug|x86.ActiveCfg = Debug|Any CPU
		{D5F27CB2-FE57-43BD-80D4-D11B80AF3DFB}.Debug|x86.Build.0 = Debug|Any CPU
		{D5F27CB2-FE57-43BD-80D4-D11B80AF3DFB}.Release|Any CPU.ActiveCfg = Release|Any CPU
		{D5F27CB2-FE57-43BD-80D4-D11B80AF3DFB}.Release|Any CPU.Build.0 = Release|Any CPU
		{D5F27CB2-FE57-43BD-80D4-D11B80AF3DFB}.Release|x64.ActiveCfg = Release|Any CPU
		{D5F27CB2-FE57-43BD-80D4-D11B80AF3DFB}.Release|x64.Build.0 = Release|Any CPU
		{D5F27CB2-FE57-43BD-80D4-D11B80AF3DFB}.Release|x86.ActiveCfg = Release|Any CPU
		{D5F27CB2-FE57-43BD-80D4-D11B80AF3DFB}.Release|x86.Build.0 = Release|Any CPU
		{76237380-A79D-4CBA-B2CD-8C4DDE6AD56D}.Debug|Any CPU.ActiveCfg = Debug|Any CPU
		{76237380-A79D-4CBA-B2CD-8C4DDE6AD56D}.Debug|Any CPU.Build.0 = Debug|Any CPU
		{76237380-A79D-4CBA-B2CD-8C4DDE6AD56D}.Debug|x64.ActiveCfg = Debug|Any CPU
		{76237380-A79D-4CBA-B2CD-8C4DDE6AD56D}.Debug|x64.Build.0 = Debug|Any CPU
		{76237380-A79D-4CBA-B2CD-8C4DDE6AD56D}.Debug|x86.ActiveCfg = Debug|Any CPU
		{76237380-A79D-4CBA-B2CD-8C4DDE6AD56D}.Debug|x86.Build.0 = Debug|Any CPU
		{76237380-A79D-4CBA-B2CD-8C4DDE6AD56D}.Release|Any CPU.ActiveCfg = Release|Any CPU
		{76237380-A79D-4CBA-B2CD-8C4DDE6AD56D}.Release|Any CPU.Build.0 = Release|Any CPU
		{76237380-A79D-4CBA-B2CD-8C4DDE6AD56D}.Release|x64.ActiveCfg = Release|Any CPU
		{76237380-A79D-4CBA-B2CD-8C4DDE6AD56D}.Release|x64.Build.0 = Release|Any CPU
		{76237380-A79D-4CBA-B2CD-8C4DDE6AD56D}.Release|x86.ActiveCfg = Release|Any CPU
		{76237380-A79D-4CBA-B2CD-8C4DDE6AD56D}.Release|x86.Build.0 = Release|Any CPU
		{448806D8-BD2D-47EE-8CBD-4855454D49B6}.Debug|Any CPU.ActiveCfg = Debug|Any CPU
		{448806D8-BD2D-47EE-8CBD-4855454D49B6}.Debug|Any CPU.Build.0 = Debug|Any CPU
		{448806D8-BD2D-47EE-8CBD-4855454D49B6}.Debug|x64.ActiveCfg = Debug|Any CPU
		{448806D8-BD2D-47EE-8CBD-4855454D49B6}.Debug|x64.Build.0 = Debug|Any CPU
		{448806D8-BD2D-47EE-8CBD-4855454D49B6}.Debug|x86.ActiveCfg = Debug|Any CPU
		{448806D8-BD2D-47EE-8CBD-4855454D49B6}.Debug|x86.Build.0 = Debug|Any CPU
		{448806D8-BD2D-47EE-8CBD-4855454D49B6}.Release|Any CPU.ActiveCfg = Release|Any CPU
		{448806D8-BD2D-47EE-8CBD-4855454D49B6}.Release|Any CPU.Build.0 = Release|Any CPU
		{448806D8-BD2D-47EE-8CBD-4855454D49B6}.Release|x64.ActiveCfg = Release|Any CPU
		{448806D8-BD2D-47EE-8CBD-4855454D49B6}.Release|x64.Build.0 = Release|Any CPU
		{448806D8-BD2D-47EE-8CBD-4855454D49B6}.Release|x86.ActiveCfg = Release|Any CPU
		{448806D8-BD2D-47EE-8CBD-4855454D49B6}.Release|x86.Build.0 = Release|Any CPU
		{CB421926-0C35-4C78-93DE-27D3FD672565}.Debug|Any CPU.ActiveCfg = Debug|Any CPU
		{CB421926-0C35-4C78-93DE-27D3FD672565}.Debug|Any CPU.Build.0 = Debug|Any CPU
		{CB421926-0C35-4C78-93DE-27D3FD672565}.Debug|x64.ActiveCfg = Debug|Any CPU
		{CB421926-0C35-4C78-93DE-27D3FD672565}.Debug|x64.Build.0 = Debug|Any CPU
		{CB421926-0C35-4C78-93DE-27D3FD672565}.Debug|x86.ActiveCfg = Debug|Any CPU
		{CB421926-0C35-4C78-93DE-27D3FD672565}.Debug|x86.Build.0 = Debug|Any CPU
		{CB421926-0C35-4C78-93DE-27D3FD672565}.Release|Any CPU.ActiveCfg = Release|Any CPU
		{CB421926-0C35-4C78-93DE-27D3FD672565}.Release|Any CPU.Build.0 = Release|Any CPU
		{CB421926-0C35-4C78-93DE-27D3FD672565}.Release|x64.ActiveCfg = Release|Any CPU
		{CB421926-0C35-4C78-93DE-27D3FD672565}.Release|x64.Build.0 = Release|Any CPU
		{CB421926-0C35-4C78-93DE-27D3FD672565}.Release|x86.ActiveCfg = Release|Any CPU
		{CB421926-0C35-4C78-93DE-27D3FD672565}.Release|x86.Build.0 = Release|Any CPU
		{2D5F651D-8219-4C6F-9CFE-7C99DFE49705}.Debug|Any CPU.ActiveCfg = Debug|Any CPU
		{2D5F651D-8219-4C6F-9CFE-7C99DFE49705}.Debug|Any CPU.Build.0 = Debug|Any CPU
		{2D5F651D-8219-4C6F-9CFE-7C99DFE49705}.Debug|x64.ActiveCfg = Debug|Any CPU
		{2D5F651D-8219-4C6F-9CFE-7C99DFE49705}.Debug|x64.Build.0 = Debug|Any CPU
		{2D5F651D-8219-4C6F-9CFE-7C99DFE49705}.Debug|x86.ActiveCfg = Debug|Any CPU
		{2D5F651D-8219-4C6F-9CFE-7C99DFE49705}.Debug|x86.Build.0 = Debug|Any CPU
		{2D5F651D-8219-4C6F-9CFE-7C99DFE49705}.Release|Any CPU.ActiveCfg = Release|Any CPU
		{2D5F651D-8219-4C6F-9CFE-7C99DFE49705}.Release|Any CPU.Build.0 = Release|Any CPU
		{2D5F651D-8219-4C6F-9CFE-7C99DFE49705}.Release|x64.ActiveCfg = Release|Any CPU
		{2D5F651D-8219-4C6F-9CFE-7C99DFE49705}.Release|x64.Build.0 = Release|Any CPU
		{2D5F651D-8219-4C6F-9CFE-7C99DFE49705}.Release|x86.ActiveCfg = Release|Any CPU
		{2D5F651D-8219-4C6F-9CFE-7C99DFE49705}.Release|x86.Build.0 = Release|Any CPU
	EndGlobalSection
	GlobalSection(SolutionProperties) = preSolution
		HideSolutionNode = FALSE
	EndGlobalSection
	GlobalSection(NestedProjects) = preSolution
		{A57A44E6-4ACA-4BDD-B6D8-EB7C68764419} = {36D591C7-65C7-A0D1-1CBC-10CDE441BDC8}
		{B69F7EF1-BA2A-4E64-A878-6B40DF62DF58} = {36D591C7-65C7-A0D1-1CBC-10CDE441BDC8}
		{9B15030D-AD0F-4353-B3EF-FBEA64BB3BD7} = {0D6BB2F0-E978-4AE5-9DA4-FB3974C4C684}
		{D5F27CB2-FE57-43BD-80D4-D11B80AF3DFB} = {0D6BB2F0-E978-4AE5-9DA4-FB3974C4C684}
		{76237380-A79D-4CBA-B2CD-8C4DDE6AD56D} = {E39AE8E9-7080-42E9-BA9A-F73D8DDFE9A7}
		{448806D8-BD2D-47EE-8CBD-4855454D49B6} = {E39AE8E9-7080-42E9-BA9A-F73D8DDFE9A7}
		{CB421926-0C35-4C78-93DE-27D3FD672565} = {E39AE8E9-7080-42E9-BA9A-F73D8DDFE9A7}
		{2D5F651D-8219-4C6F-9CFE-7C99DFE49705} = {43BCA7DF-D68F-4E0C-881C-B9CCDA81FA4B}
	EndGlobalSection
	GlobalSection(ExtensibilityGlobals) = postSolution
		SolutionGuid = {8685EC8D-8752-424F-A478-74790E754A97}
	EndGlobalSection
EndGlobal
